
Microsoft Visual Studio Solution File, Format Version 12.00
# Visual Studio Version 17
VisualStudioVersion = 17.2.32408.312
MinimumVisualStudioVersion = 10.0.40219.1
Project("{9A19103F-16F7-4668-BE54-9A1E7A4F7556}") = "Feature Toggles", "Feature Toggles\Feature Toggles.csproj", "{00140116-9C2F-40FE-9340-5E59C2433D8D}"
EndProject
Global
	GlobalSection(SolutionConfigurationPlatforms) = preSolution
		Debug|Any CPU = Debug|Any CPU
		Release|Any CPU = Release|Any CPU
	EndGlobalSection
	GlobalSection(ProjectConfigurationPlatforms) = postSolution
		{00140116-9C2F-40FE-9340-5E59C2433D8D}.Debug|Any CPU.ActiveCfg = Debug|Any CPU
		{00140116-9C2F-40FE-9340-5E59C2433D8D}.Debug|Any CPU.Build.0 = Debug|Any CPU
		{00140116-9C2F-40FE-9340-5E59C2433D8D}.Release|Any CPU.ActiveCfg = Release|Any CPU
		{00140116-9C2F-40FE-9340-5E59C2433D8D}.Release|Any CPU.Build.0 = Release|Any CPU
	EndGlobalSection
	GlobalSection(SolutionProperties) = preSolution
		HideSolutionNode = FALSE
	EndGlobalSection
	GlobalSection(ExtensibilityGlobals) = postSolution
		SolutionGuid = {BABBB2F7-EB15-4A92-846B-872FF873B2E1}
	EndGlobalSection
EndGlobal
